{
  "name": "primary",
  "version": "1.0.0",
  "lockfileVersion": 3,
  "requires": true,
  "packages": {
    "": {
      "name": "primary",
      "version": "1.0.0",
      "dependencies": {
        "@hanology/cham": "file:../cham-js/packages/cham",
        "@hanology/cham-browser": "file:../cham-js/packages/cham-browser",
        "yaml": "^2.8.4"
      }
    },
    "../cham-js/packages/cham": {
      "name": "@hanology/cham",
      "version": "0.1.6",
      "license": "MIT",
      "dependencies": {
        "fflate": "^0.8.0"
      },
      "bin": {
        "cham-epub": "dist/cli.js"
      },
      "devDependencies": {
        "@types/node": "^25.6.2",
        "typescript": "^6.0.0",
        "vitest": "^3.0.0"
      }
    },
    "../cham-js/packages/cham-browser": {
      "name": "@hanology/cham-browser",
      "version": "0.4.0",
      "license": "MIT",
      "dependencies": {
        "@hanology/cham": "*",
        "@unhead/vue": "^2.1.13",
        "@vitejs/plugin-vue": "^6.0.6",
        "vite": "^8.0.10",
        "vite-ssg": "^28.3.0",
        "vue": "^3.5.34",
        "vue-router": "^4.6.4",
        "yaml": "^2.7.0"
      },
      "bin": {
        "cham-browser": "dist/cli.js"
      },
      "devDependencies": {
        "happy-dom": "^20.9.0",
        "typescript": "^6.0.0",
        "vitest": "^3.2.4"
      }
    },
    "node_modules/@hanology/cham": {
      "resolved": "../cham-js/packages/cham",
      "link": true
    },
    "node_modules/@hanology/cham-browser": {
      "resolved": "../cham-js/packages/cham-browser",
      "link": true
    },
    "node_modules/yaml": {
      "version": "2.8.4",
      "resolved": "https://registry.npmjs.org/yaml/-/yaml-2.8.4.tgz",
      "integrity": "sha512-ml/JPOj9fOQK8RNnWojA67GbZ0ApXAUlN2UQclwv2eVgTgn7O9gg9o7paZWKMp4g0H3nTLtS9LVzhkpOFIKzog==",
      "license": "ISC",
      "bin": {
        "yaml": "bin.mjs"
      },
      "engines": {
        "node": ">= 14.6"
      },
      "funding": {
        "url": "https://github.com/sponsors/eemeli"
      }
    }
  }
}
